
Microsoft Visual Studio Solution File, Format Version 12.00
# Visual Studio Version 17
VisualStudioVersion = 17.8.34408.163
MinimumVisualStudioVersion = 10.0.40219.1
Project("{FAE04EC0-301F-11D3-BF4B-00C04F79EFBC}") = "PaginatedReportUpdate", "PaginatedReportUpdate\PaginatedReportUpdate.csproj", "{C5B50BCB-C6CA-459D-817E-74FE2CEE343C}"
EndProject
Global
	GlobalSection(SolutionConfigurationPlatforms) = preSolution
		Debug|Any CPU = Debug|Any CPU
		Release|Any CPU = Release|Any CPU
	EndGlobalSection
	GlobalSection(ProjectConfigurationPlatforms) = postSolution
		{C5B50BCB-C6CA-459D-817E-74FE2CEE343C}.Debug|Any CPU.ActiveCfg = Debug|Any CPU
		{C5B50BCB-C6CA-459D-817E-74FE2CEE343C}.Debug|Any CPU.Build.0 = Debug|Any CPU
		{C5B50BCB-C6CA-459D-817E-74FE2CEE343C}.Release|Any CPU.ActiveCfg = Release|Any CPU
		{C5B50BCB-C6CA-459D-817E-74FE2CEE343C}.Release|Any CPU.Build.0 = Release|Any CPU
	EndGlobalSection
	GlobalSection(SolutionProperties) = preSolution
		HideSolutionNode = FALSE
	EndGlobalSection
	GlobalSection(ExtensibilityGlobals) = postSolution
		SolutionGuid = {CBD9B5DC-8EE3-4612-8A88-7D71726D31C9}
	EndGlobalSection
EndGlobal
